
Microsoft Visual Studio Solution File, Format Version 12.00
# Visual Studio Version 17
VisualStudioVersion = 17.0.31606.5
MinimumVisualStudioVersion = 10.0.40219.1
Project("{2150E333-8FDC-42A3-9474-1A3956D46DE8}") = "src", "src", "{8825418E-5B2E-47E0-8DE0-1125EDCD24F5}"
EndProject
Project("{2150E333-8FDC-42A3-9474-1A3956D46DE8}") = "API", "API", "{1C5C5026-2B1A-47AD-BB81-12A100ADE931}"
EndProject
Project("{2150E333-8FDC-42A3-9474-1A3956D46DE8}") = "Core", "Core", "{D6ED531C-1DEC-41D1-8714-101CD093021C}"
EndProject
Project("{2150E333-8FDC-42A3-9474-1A3956D46DE8}") = "Infrastructure", "Infrastructure", "{516C257C-1E04-4FF0-9917-78F8333AE752}"
EndProject
Project("{9A19103F-16F7-4668-BE54-9A1E7A4F7556}") = "BOI.BOIApplications.WorkerService", "BOI.BOIApplications.WorkerService\BOI.BOIApplications.WorkerService.csproj", "{2C0DAEF9-807A-4862-A3D1-A2961A4ABF8D}"
EndProject
Project("{9A19103F-16F7-4668-BE54-9A1E7A4F7556}") = "BOI.BOIApplications.Legacy.Persistence", "BOI.BOIApplications.Legacy.Persistence\BOI.BOIApplications.Legacy.Persistence.csproj", "{11297783-BE0E-4CCE-9A54-45C010BAE9EA}"
EndProject
Project("{9A19103F-16F7-4668-BE54-9A1E7A4F7556}") = "BOI.BOIApplications.Infrastructure", "BOI.BOIApplications.Infrastructure\BOI.BOIApplications.Infrastructure.csproj", "{24EC330C-5066-45EC-8700-A55993A636B4}"
EndProject
Project("{9A19103F-16F7-4668-BE54-9A1E7A4F7556}") = "BOI.BOIApplications.Legacy.Domain", "BOI.BOIApplications.Legacy.Domain\BOI.BOIApplications.Legacy.Domain.csproj", "{3E8DA74A-A14F-4A25-AC20-4E385FE6C889}"
EndProject
Project("{9A19103F-16F7-4668-BE54-9A1E7A4F7556}") = "BOI.BOIApplications.Application", "BOI.BOIApplications.Application\BOI.BOIApplications.Application.csproj", "{C276439F-1D78-4980-9840-BAD5F0CB8E9B}"
EndProject
Project("{2150E333-8FDC-42A3-9474-1A3956D46DE8}") = "Solution Items", "Solution Items", "{0C64F4BE-BE77-47DA-8A13-9ECC31F3A24F}"
	ProjectSection(SolutionItems) = preProject
		.editorconfig = .editorconfig
	EndProjectSection
EndProject
Project("{9A19103F-16F7-4668-BE54-9A1E7A4F7556}") = "BOI.BOIApplications.Domain", "BOI.BOIApplications.Domain\BOI.BOIApplications.Domain.csproj", "{D15AD5D5-6224-42E8-ADCA-824CF5DF4ACD}"
EndProject
Project("{9A19103F-16F7-4668-BE54-9A1E7A4F7556}") = "BOI.BOIApplications.Persistence", "BOI.BOIApplications.Persistence\BOI.BOIApplications.Persistence.csproj", "{A410B7AF-C091-4033-865B-238266396E66}"
EndProject
Project("{9A19103F-16F7-4668-BE54-9A1E7A4F7556}") = "BOI.BOIApplications.API", "BOI.BOIApplications.API\BOI.BOIApplications.API.csproj", "{A8BE2905-E609-4839-A336-683224496171}"
EndProject
Project("{9A19103F-16F7-4668-BE54-9A1E7A4F7556}") = "BOI.BOIApplications.IdentityManagement", "BOI.BOIApplications.IdentityManagement\BOI.BOIApplications.IdentityManagement.csproj", "{990FC18C-5134-4F61-BDD5-181B6EB7534F}"
EndProject
Project("{9A19103F-16F7-4668-BE54-9A1E7A4F7556}") = "BOI.BOIApplications.AccountOpening", "BOI.BOIApplications.AccountOpening\BOI.BOIApplications.AccountOpening.csproj", "{58767D7F-C556-46D4-83FE-387D4826AA13}"
EndProject
Project("{FAE04EC0-301F-11D3-BF4B-00C04F79EFBC}") = "BOI.BOIApplications.ThirdPartyIntegrations", "BOI.BOIApplications.ThirdPartyIntegrations\BOI.BOIApplications.ThirdPartyIntegrations.csproj", "{FFD85F49-1841-4FAE-AC5A-CFB5BDFE5AE5}"
EndProject
Global
	GlobalSection(SolutionConfigurationPlatforms) = preSolution
		Debug|Any CPU = Debug|Any CPU
		Release|Any CPU = Release|Any CPU
	EndGlobalSection
	GlobalSection(ProjectConfigurationPlatforms) = postSolution
		{2C0DAEF9-807A-4862-A3D1-A2961A4ABF8D}.Debug|Any CPU.ActiveCfg = Debug|Any CPU
		{2C0DAEF9-807A-4862-A3D1-A2961A4ABF8D}.Debug|Any CPU.Build.0 = Debug|Any CPU
		{2C0DAEF9-807A-4862-A3D1-A2961A4ABF8D}.Release|Any CPU.ActiveCfg = Release|Any CPU
		{2C0DAEF9-807A-4862-A3D1-A2961A4ABF8D}.Release|Any CPU.Build.0 = Release|Any CPU
		{11297783-BE0E-4CCE-9A54-45C010BAE9EA}.Debug|Any CPU.ActiveCfg = Debug|Any CPU
		{11297783-BE0E-4CCE-9A54-45C010BAE9EA}.Debug|Any CPU.Build.0 = Debug|Any CPU
		{11297783-BE0E-4CCE-9A54-45C010BAE9EA}.Release|Any CPU.ActiveCfg = Release|Any CPU
		{11297783-BE0E-4CCE-9A54-45C010BAE9EA}.Release|Any CPU.Build.0 = Release|Any CPU
		{24EC330C-5066-45EC-8700-A55993A636B4}.Debug|Any CPU.ActiveCfg = Debug|Any CPU
		{24EC330C-5066-45EC-8700-A55993A636B4}.Debug|Any CPU.Build.0 = Debug|Any CPU
		{24EC330C-5066-45EC-8700-A55993A636B4}.Release|Any CPU.ActiveCfg = Release|Any CPU
		{24EC330C-5066-45EC-8700-A55993A636B4}.Release|Any CPU.Build.0 = Release|Any CPU
		{3E8DA74A-A14F-4A25-AC20-4E385FE6C889}.Debug|Any CPU.ActiveCfg = Debug|Any CPU
		{3E8DA74A-A14F-4A25-AC20-4E385FE6C889}.Debug|Any CPU.Build.0 = Debug|Any CPU
		{3E8DA74A-A14F-4A25-AC20-4E385FE6C889}.Release|Any CPU.ActiveCfg = Release|Any CPU
		{3E8DA74A-A14F-4A25-AC20-4E385FE6C889}.Release|Any CPU.Build.0 = Release|Any CPU
		{C276439F-1D78-4980-9840-BAD5F0CB8E9B}.Debug|Any CPU.ActiveCfg = Debug|Any CPU
		{C276439F-1D78-4980-9840-BAD5F0CB8E9B}.Debug|Any CPU.Build.0 = Debug|Any CPU
		{C276439F-1D78-4980-9840-BAD5F0CB8E9B}.Release|Any CPU.ActiveCfg = Release|Any CPU
		{C276439F-1D78-4980-9840-BAD5F0CB8E9B}.Release|Any CPU.Build.0 = Release|Any CPU
		{D15AD5D5-6224-42E8-ADCA-824CF5DF4ACD}.Debug|Any CPU.ActiveCfg = Debug|Any CPU
		{D15AD5D5-6224-42E8-ADCA-824CF5DF4ACD}.Debug|Any CPU.Build.0 = Debug|Any CPU
		{D15AD5D5-6224-42E8-ADCA-824CF5DF4ACD}.Release|Any CPU.ActiveCfg = Release|Any CPU
		{D15AD5D5-6224-42E8-ADCA-824CF5DF4ACD}.Release|Any CPU.Build.0 = Release|Any CPU
		{A410B7AF-C091-4033-865B-238266396E66}.Debug|Any CPU.ActiveCfg = Debug|Any CPU
		{A410B7AF-C091-4033-865B-238266396E66}.Debug|Any CPU.Build.0 = Debug|Any CPU
		{A410B7AF-C091-4033-865B-238266396E66}.Release|Any CPU.ActiveCfg = Release|Any CPU
		{A410B7AF-C091-4033-865B-238266396E66}.Release|Any CPU.Build.0 = Release|Any CPU
		{A8BE2905-E609-4839-A336-683224496171}.Debug|Any CPU.ActiveCfg = Debug|Any CPU
		{A8BE2905-E609-4839-A336-683224496171}.Debug|Any CPU.Build.0 = Debug|Any CPU
		{A8BE2905-E609-4839-A336-683224496171}.Release|Any CPU.ActiveCfg = Release|Any CPU
		{A8BE2905-E609-4839-A336-683224496171}.Release|Any CPU.Build.0 = Release|Any CPU
		{990FC18C-5134-4F61-BDD5-181B6EB7534F}.Debug|Any CPU.ActiveCfg = Debug|Any CPU
		{990FC18C-5134-4F61-BDD5-181B6EB7534F}.Debug|Any CPU.Build.0 = Debug|Any CPU
		{990FC18C-5134-4F61-BDD5-181B6EB7534F}.Release|Any CPU.ActiveCfg = Release|Any CPU
		{990FC18C-5134-4F61-BDD5-181B6EB7534F}.Release|Any CPU.Build.0 = Release|Any CPU
		{58767D7F-C556-46D4-83FE-387D4826AA13}.Debug|Any CPU.ActiveCfg = Debug|Any CPU
		{58767D7F-C556-46D4-83FE-387D4826AA13}.Debug|Any CPU.Build.0 = Debug|Any CPU
		{58767D7F-C556-46D4-83FE-387D4826AA13}.Release|Any CPU.ActiveCfg = Release|Any CPU
		{58767D7F-C556-46D4-83FE-387D4826AA13}.Release|Any CPU.Build.0 = Release|Any CPU
		{FFD85F49-1841-4FAE-AC5A-CFB5BDFE5AE5}.Debug|Any CPU.ActiveCfg = Debug|Any CPU
		{FFD85F49-1841-4FAE-AC5A-CFB5BDFE5AE5}.Debug|Any CPU.Build.0 = Debug|Any CPU
		{FFD85F49-1841-4FAE-AC5A-CFB5BDFE5AE5}.Release|Any CPU.ActiveCfg = Release|Any CPU
		{FFD85F49-1841-4FAE-AC5A-CFB5BDFE5AE5}.Release|Any CPU.Build.0 = Release|Any CPU
	EndGlobalSection
	GlobalSection(SolutionProperties) = preSolution
		HideSolutionNode = FALSE
	EndGlobalSection
	GlobalSection(NestedProjects) = preSolution
		{1C5C5026-2B1A-47AD-BB81-12A100ADE931} = {8825418E-5B2E-47E0-8DE0-1125EDCD24F5}
		{D6ED531C-1DEC-41D1-8714-101CD093021C} = {8825418E-5B2E-47E0-8DE0-1125EDCD24F5}
		{516C257C-1E04-4FF0-9917-78F8333AE752} = {8825418E-5B2E-47E0-8DE0-1125EDCD24F5}
		{2C0DAEF9-807A-4862-A3D1-A2961A4ABF8D} = {516C257C-1E04-4FF0-9917-78F8333AE752}
		{11297783-BE0E-4CCE-9A54-45C010BAE9EA} = {516C257C-1E04-4FF0-9917-78F8333AE752}
		{24EC330C-5066-45EC-8700-A55993A636B4} = {516C257C-1E04-4FF0-9917-78F8333AE752}
		{3E8DA74A-A14F-4A25-AC20-4E385FE6C889} = {D6ED531C-1DEC-41D1-8714-101CD093021C}
		{C276439F-1D78-4980-9840-BAD5F0CB8E9B} = {D6ED531C-1DEC-41D1-8714-101CD093021C}
		{D15AD5D5-6224-42E8-ADCA-824CF5DF4ACD} = {D6ED531C-1DEC-41D1-8714-101CD093021C}
		{A410B7AF-C091-4033-865B-238266396E66} = {516C257C-1E04-4FF0-9917-78F8333AE752}
		{A8BE2905-E609-4839-A336-683224496171} = {1C5C5026-2B1A-47AD-BB81-12A100ADE931}
		{990FC18C-5134-4F61-BDD5-181B6EB7534F} = {516C257C-1E04-4FF0-9917-78F8333AE752}
		{58767D7F-C556-46D4-83FE-387D4826AA13} = {516C257C-1E04-4FF0-9917-78F8333AE752}
		{FFD85F49-1841-4FAE-AC5A-CFB5BDFE5AE5} = {516C257C-1E04-4FF0-9917-78F8333AE752}
	EndGlobalSection
	GlobalSection(ExtensibilityGlobals) = postSolution
		SolutionGuid = {2110A29D-954A-42CD-A71C-5EC33ECE2C63}
	EndGlobalSection
EndGlobal
